
Microsoft Visual Studio Solution File, Format Version 12.00
# Visual Studio Version 17
VisualStudioVersion = 17.8.34322.80
MinimumVisualStudioVersion = 10.0.40219.1
Project("{9A19103F-16F7-4668-BE54-9A1E7A4F7556}") = "RickAndMortyBusiness", "RickAndMortyBusiness\RickAndMortyBusiness.csproj", "{7E2F3223-53AE-42DD-8931-37927C1BD2AE}"
EndProject
Project("{9A19103F-16F7-4668-BE54-9A1E7A4F7556}") = "RickAndMortyDataAccess", "RickAndMortyDataAccess\RickAndMortyDataAccess.csproj", "{EC5BFF32-E3B2-48C9-A93D-A0C917191D37}"
EndProject
Project("{9A19103F-16F7-4668-BE54-9A1E7A4F7556}") = "RickAndMortyUI", "RickAndMortyUI\RickAndMortyUI.csproj", "{A0C0F5E6-4617-4F6E-970F-9AFE3304BB73}"
EndProject
Global
	GlobalSection(SolutionConfigurationPlatforms) = preSolution
		Debug|Any CPU = Debug|Any CPU
		Release|Any CPU = Release|Any CPU
	EndGlobalSection
	GlobalSection(ProjectConfigurationPlatforms) = postSolution
		{7E2F3223-53AE-42DD-8931-37927C1BD2AE}.Debug|Any CPU.ActiveCfg = Debug|Any CPU
		{7E2F3223-53AE-42DD-8931-37927C1BD2AE}.Debug|Any CPU.Build.0 = Debug|Any CPU
		{7E2F3223-53AE-42DD-8931-37927C1BD2AE}.Release|Any CPU.ActiveCfg = Release|Any CPU
		{7E2F3223-53AE-42DD-8931-37927C1BD2AE}.Release|Any CPU.Build.0 = Release|Any CPU
		{EC5BFF32-E3B2-48C9-A93D-A0C917191D37}.Debug|Any CPU.ActiveCfg = Debug|Any CPU
		{EC5BFF32-E3B2-48C9-A93D-A0C917191D37}.Debug|Any CPU.Build.0 = Debug|Any CPU
		{EC5BFF32-E3B2-48C9-A93D-A0C917191D37}.Release|Any CPU.ActiveCfg = Release|Any CPU
		{EC5BFF32-E3B2-48C9-A93D-A0C917191D37}.Release|Any CPU.Build.0 = Release|Any CPU
		{A0C0F5E6-4617-4F6E-970F-9AFE3304BB73}.Debug|Any CPU.ActiveCfg = Debug|Any CPU
		{A0C0F5E6-4617-4F6E-970F-9AFE3304BB73}.Debug|Any CPU.Build.0 = Debug|Any CPU
		{A0C0F5E6-4617-4F6E-970F-9AFE3304BB73}.Release|Any CPU.ActiveCfg = Release|Any CPU
		{A0C0F5E6-4617-4F6E-970F-9AFE3304BB73}.Release|Any CPU.Build.0 = Release|Any CPU
	EndGlobalSection
	GlobalSection(SolutionProperties) = preSolution
		HideSolutionNode = FALSE
	EndGlobalSection
	GlobalSection(ExtensibilityGlobals) = postSolution
		SolutionGuid = {B8237E32-ED22-4E4D-8E07-D5F6CE633CB5}
	EndGlobalSection
EndGlobal
